
Microsoft Visual Studio Solution File, Format Version 12.00
Project("{FAE04EC0-301F-11D3-BF4B-00C04F79EFBC}") = "SigmaBooking.Core", "SigmaBooking.Core\SigmaBooking.Core.csproj", "{F5BBBDE8-E1BF-403D-8D16-5A49D1E4C9C2}"
EndProject
Project("{FAE04EC0-301F-11D3-BF4B-00C04F79EFBC}") = "SigmaBooking.Domain", "SigmaBooking.Domain\SigmaBooking.Domain.csproj", "{96B5F1F8-B78A-43FD-8523-627F546F5E43}"
EndProject
Project("{2150E333-8FDC-42A3-9474-1A3956D46DE8}") = "Core", "Core", "{B3E73F85-BD0E-45D9-B57D-E4CC63381EB5}"
EndProject
Project("{2150E333-8FDC-42A3-9474-1A3956D46DE8}") = "Core.Test", "Core.Test", "{5483A406-BB33-4839-B168-58E80400697D}"
EndProject
Project("{FAE04EC0-301F-11D3-BF4B-00C04F79EFBC}") = "SigmaBooking.Core.Test", "SigmaBooking.Core.Test\SigmaBooking.Core.Test.csproj", "{CFCF8344-3F4C-460B-9125-12D9D5FBB436}"
EndProject
Project("{FAE04EC0-301F-11D3-BF4B-00C04F79EFBC}") = "SigmaBooking.Domain.Test", "SigmaBooking.Domain.Test\SigmaBooking.Domain.Test.csproj", "{1202A88A-CFA4-4DEB-9B63-90FA002CFDE1}"
EndProject
Project("{2150E333-8FDC-42A3-9474-1A3956D46DE8}") = "Infrastructure", "Infrastructure", "{92AF16A2-B0E1-4674-BC89-E58BE2379B9F}"
EndProject
Project("{FAE04EC0-301F-11D3-BF4B-00C04F79EFBC}") = "SigmaBooking.DB", "SigmaBooking.DB\SigmaBooking.DB.csproj", "{73CC2F7F-19F0-4414-AD4B-A203B05ACBAB}"
EndProject
Project("{2150E333-8FDC-42A3-9474-1A3956D46DE8}") = "UI", "UI", "{3E4F0D12-8BF6-4C43-92CA-114D9DFFB91B}"
EndProject
Project("{FAE04EC0-301F-11D3-BF4B-00C04F79EFBC}") = "SigmaBooking.WebApi", "SigmaBooking.WebApi\SigmaBooking.WebApi.csproj", "{2F1CB826-D29E-47C9-849C-DA7FE7C3CA86}"
EndProject
Global
	GlobalSection(SolutionConfigurationPlatforms) = preSolution
		Debug|Any CPU = Debug|Any CPU
		Release|Any CPU = Release|Any CPU
	EndGlobalSection
	GlobalSection(ProjectConfigurationPlatforms) = postSolution
		{F5BBBDE8-E1BF-403D-8D16-5A49D1E4C9C2}.Debug|Any CPU.ActiveCfg = Debug|Any CPU
		{F5BBBDE8-E1BF-403D-8D16-5A49D1E4C9C2}.Debug|Any CPU.Build.0 = Debug|Any CPU
		{F5BBBDE8-E1BF-403D-8D16-5A49D1E4C9C2}.Release|Any CPU.ActiveCfg = Release|Any CPU
		{F5BBBDE8-E1BF-403D-8D16-5A49D1E4C9C2}.Release|Any CPU.Build.0 = Release|Any CPU
		{96B5F1F8-B78A-43FD-8523-627F546F5E43}.Debug|Any CPU.ActiveCfg = Debug|Any CPU
		{96B5F1F8-B78A-43FD-8523-627F546F5E43}.Debug|Any CPU.Build.0 = Debug|Any CPU
		{96B5F1F8-B78A-43FD-8523-627F546F5E43}.Release|Any CPU.ActiveCfg = Release|Any CPU
		{96B5F1F8-B78A-43FD-8523-627F546F5E43}.Release|Any CPU.Build.0 = Release|Any CPU
		{CFCF8344-3F4C-460B-9125-12D9D5FBB436}.Debug|Any CPU.ActiveCfg = Debug|Any CPU
		{CFCF8344-3F4C-460B-9125-12D9D5FBB436}.Debug|Any CPU.Build.0 = Debug|Any CPU
		{CFCF8344-3F4C-460B-9125-12D9D5FBB436}.Release|Any CPU.ActiveCfg = Release|Any CPU
		{CFCF8344-3F4C-460B-9125-12D9D5FBB436}.Release|Any CPU.Build.0 = Release|Any CPU
		{1202A88A-CFA4-4DEB-9B63-90FA002CFDE1}.Debug|Any CPU.ActiveCfg = Debug|Any CPU
		{1202A88A-CFA4-4DEB-9B63-90FA002CFDE1}.Debug|Any CPU.Build.0 = Debug|Any CPU
		{1202A88A-CFA4-4DEB-9B63-90FA002CFDE1}.Release|Any CPU.ActiveCfg = Release|Any CPU
		{1202A88A-CFA4-4DEB-9B63-90FA002CFDE1}.Release|Any CPU.Build.0 = Release|Any CPU
		{73CC2F7F-19F0-4414-AD4B-A203B05ACBAB}.Debug|Any CPU.ActiveCfg = Debug|Any CPU
		{73CC2F7F-19F0-4414-AD4B-A203B05ACBAB}.Debug|Any CPU.Build.0 = Debug|Any CPU
		{73CC2F7F-19F0-4414-AD4B-A203B05ACBAB}.Release|Any CPU.ActiveCfg = Release|Any CPU
		{73CC2F7F-19F0-4414-AD4B-A203B05ACBAB}.Release|Any CPU.Build.0 = Release|Any CPU
		{2F1CB826-D29E-47C9-849C-DA7FE7C3CA86}.Debug|Any CPU.ActiveCfg = Debug|Any CPU
		{2F1CB826-D29E-47C9-849C-DA7FE7C3CA86}.Debug|Any CPU.Build.0 = Debug|Any CPU
		{2F1CB826-D29E-47C9-849C-DA7FE7C3CA86}.Release|Any CPU.ActiveCfg = Release|Any CPU
		{2F1CB826-D29E-47C9-849C-DA7FE7C3CA86}.Release|Any CPU.Build.0 = Release|Any CPU
	EndGlobalSection
	GlobalSection(NestedProjects) = preSolution
		{F5BBBDE8-E1BF-403D-8D16-5A49D1E4C9C2} = {B3E73F85-BD0E-45D9-B57D-E4CC63381EB5}
		{96B5F1F8-B78A-43FD-8523-627F546F5E43} = {B3E73F85-BD0E-45D9-B57D-E4CC63381EB5}
		{CFCF8344-3F4C-460B-9125-12D9D5FBB436} = {5483A406-BB33-4839-B168-58E80400697D}
		{1202A88A-CFA4-4DEB-9B63-90FA002CFDE1} = {5483A406-BB33-4839-B168-58E80400697D}
		{73CC2F7F-19F0-4414-AD4B-A203B05ACBAB} = {92AF16A2-B0E1-4674-BC89-E58BE2379B9F}
		{2F1CB826-D29E-47C9-849C-DA7FE7C3CA86} = {3E4F0D12-8BF6-4C43-92CA-114D9DFFB91B}
	EndGlobalSection
EndGlobal
